
Microsoft Visual Studio Solution File, Format Version 12.00
# Visual Studio Version 17
VisualStudioVersion = 17.14.36414.22 d17.14
MinimumVisualStudioVersion = 10.0.40219.1
Project("{8BC9CEB8-8B4A-11D0-8D11-00A0C91BC942}") = "FirePropagationSimulator", "FirePropagationSimulator.vcxproj", "{18A41BBA-60E2-4BC3-8ED5-1FAAC6C49A45}"
EndProject
Global
	GlobalSection(SolutionConfigurationPlatforms) = preSolution
		Debug|x64 = Debug|x64
		Debug|x86 = Debug|x86
		Release|x64 = Release|x64
		Release|x86 = Release|x86
	EndGlobalSection
	GlobalSection(ProjectConfigurationPlatforms) = postSolution
		{18A41BBA-60E2-4BC3-8ED5-1FAAC6C49A45}.Debug|x64.ActiveCfg = Debug|x64
		{18A41BBA-60E2-4BC3-8ED5-1FAAC6C49A45}.Debug|x64.Build.0 = Debug|x64
		{18A41BBA-60E2-4BC3-8ED5-1FAAC6C49A45}.Debug|x86.ActiveCfg = Debug|Win32
		{18A41BBA-60E2-4BC3-8ED5-1FAAC6C49A45}.Debug|x86.Build.0 = Debug|Win32
		{18A41BBA-60E2-4BC3-8ED5-1FAAC6C49A45}.Release|x64.ActiveCfg = Release|x64
		{18A41BBA-60E2-4BC3-8ED5-1FAAC6C49A45}.Release|x64.Build.0 = Release|x64
		{18A41BBA-60E2-4BC3-8ED5-1FAAC6C49A45}.Release|x86.ActiveCfg = Release|Win32
		{18A41BBA-60E2-4BC3-8ED5-1FAAC6C49A45}.Release|x86.Build.0 = Release|Win32
	EndGlobalSection
	GlobalSection(SolutionProperties) = preSolution
		HideSolutionNode = FALSE
	EndGlobalSection
	GlobalSection(ExtensibilityGlobals) = postSolution
		SolutionGuid = {44143ED9-C080-4CF5-A8D9-CECDA2E98C85}
	EndGlobalSection
EndGlobal
